
Microsoft Visual Studio Solution File, Format Version 12.00
# Visual Studio 15
VisualStudioVersion = 15.0.27130.2027
MinimumVisualStudioVersion = 10.0.40219.1
Project("{8BC9CEB8-8B4A-11D0-8D11-00A0C91BC942}") = "mi-shell", "mi-shell\mi-shell.vcxproj", "{315861BE-4CA0-4187-997C-7C578BEE6B1E}"
EndProject
Global
	GlobalSection(SolutionConfigurationPlatforms) = preSolution
		Debug|x64 = Debug|x64
		Debug|x86 = Debug|x86
		Release|x64 = Release|x64
		Release|x86 = Release|x86
	EndGlobalSection
	GlobalSection(ProjectConfigurationPlatforms) = postSolution
		{315861BE-4CA0-4187-997C-7C578BEE6B1E}.Debug|x64.ActiveCfg = Debug|x64
		{315861BE-4CA0-4187-997C-7C578BEE6B1E}.Debug|x64.Build.0 = Debug|x64
		{315861BE-4CA0-4187-997C-7C578BEE6B1E}.Debug|x86.ActiveCfg = Debug|Win32
		{315861BE-4CA0-4187-997C-7C578BEE6B1E}.Debug|x86.Build.0 = Debug|Win32
		{315861BE-4CA0-4187-997C-7C578BEE6B1E}.Release|x64.ActiveCfg = Release|x64
		{315861BE-4CA0-4187-997C-7C578BEE6B1E}.Release|x64.Build.0 = Release|x64
		{315861BE-4CA0-4187-997C-7C578BEE6B1E}.Release|x86.ActiveCfg = Release|Win32
		{315861BE-4CA0-4187-997C-7C578BEE6B1E}.Release|x86.Build.0 = Release|Win32
	EndGlobalSection
	GlobalSection(SolutionProperties) = preSolution
		HideSolutionNode = FALSE
	EndGlobalSection
	GlobalSection(ExtensibilityGlobals) = postSolution
		SolutionGuid = {93DD9CE6-B72C-47A4-922B-B3D45FEF04B1}
	EndGlobalSection
EndGlobal
